
Microsoft Visual Studio Solution File, Format Version 12.00
# Visual Studio 15
Project("{FAE04EC0-301F-11D3-BF4B-00C04F79EFBC}") = "Assembly-CSharp", "Assembly-CSharp.csproj", "{4BF9D33D-17AE-D088-DCD8-6C0B1F5B31FA}"
EndProject
Global
	GlobalSection(SolutionConfigurationPlatforms) = preSolution
		Debug|Any CPU = Debug|Any CPU
		Release|Any CPU = Release|Any CPU
	EndGlobalSection
	GlobalSection(ProjectConfigurationPlatforms) = postSolution
		{4BF9D33D-17AE-D088-DCD8-6C0B1F5B31FA}.Debug|Any CPU.ActiveCfg = Debug|Any CPU
		{4BF9D33D-17AE-D088-DCD8-6C0B1F5B31FA}.Debug|Any CPU.Build.0 = Debug|Any CPU
		{4BF9D33D-17AE-D088-DCD8-6C0B1F5B31FA}.Release|Any CPU.ActiveCfg = Release|Any CPU
		{4BF9D33D-17AE-D088-DCD8-6C0B1F5B31FA}.Release|Any CPU.Build.0 = Release|Any CPU
	EndGlobalSection
	GlobalSection(SolutionProperties) = preSolution
		HideSolutionNode = FALSE
	EndGlobalSection
EndGlobal
